Microsoft Visual Studio Solution File, Format Version 12.00
# Visual Studio 2013
VisualStudioVersion = 12.0.40629.0
MinimumVisualStudioVersion = 10.0.40219.1
Project("{FAE04EC0-301F-11D3-BF4B-00C04F79EFBC}") = "dbax.CalculoIndicadores", "dbax.CalculoIndicadores\dbax.CalculoIndicadores.csproj", "{9597DE29-375C-4DBF-A46E-6D114F5D61A0}"
EndProject
Project("{FAE04EC0-301F-11D3-BF4B-00C04F79EFBC}") = "dbax.CalculoMoneda", "dbax.CalculoMoneda\dbax.CalculoMoneda.csproj", "{D890174D-12A1-4FA5-AF21-13A447734850}"
EndProject
Project("{FAE04EC0-301F-11D3-BF4B-00C04F79EFBC}") = "dbax.CalculoValoresActualizados", "dbax.CalculoValoresActualizados\dbax.CalculoValoresActualizados.csproj", "{2375CE80-303A-4624-BDDE-0D9FA9102C57}"
EndProject
Project("{FAE04EC0-301F-11D3-BF4B-00C04F79EFBC}") = "SvrProceso", "SvrProceso\SvrProceso.csproj", "{21494307-4E1F-4698-B19C-9FED6726910E}"
EndProject
Project("{FAE04EC0-301F-11D3-BF4B-00C04F79EFBC}") = "dbax.RescataXBRL", "dbax.RescataXBRL\dbax.RescataXBRL.csproj", "{BAD2B472-9846-49EF-85B7-5D00C5701F3A}"
EndProject
Project("{FAE04EC0-301F-11D3-BF4B-00C04F79EFBC}") = "dbax.ComparaXBRL", "dbax.ComparaXBRL\dbax.ComparaXBRL.csproj", "{C942ADC0-B62A-4FC8-B551-9630C3E10DDF}"
EndProject
Project("{FAE04EC0-301F-11D3-BF4B-00C04F79EFBC}") = "dbax.GeneraHTML", "dbax.GeneraHTML\dbax.GeneraHTML.csproj", "{00DD7FC2-E3A7-497E-BA42-1181019EE8F9}"
EndProject
Project("{FAE04EC0-301F-11D3-BF4B-00C04F79EFBC}") = "dbnet.InsertaDimensiones", "dbnet.InsertaDimensiones\dbnet.InsertaDimensiones.csproj", "{30C62EFB-478C-497E-92AC-759BCD94A1A2}"
EndProject
Project("{FAE04EC0-301F-11D3-BF4B-00C04F79EFBC}") = "dbax.BorradoArchivosVacios", "BorradoArchivosVacios\dbax.BorradoArchivosVacios.csproj", "{93E24066-AACB-4330-B10B-305CF169E85B}"
	ProjectSection(ProjectDependencies) = postProject
		{AFEE0868-3216-4139-B1C9-831399AB0198} = {AFEE0868-3216-4139-B1C9-831399AB0198}
	EndProjectSection
EndProject
Project("{FAE04EC0-301F-11D3-BF4B-00C04F79EFBC}") = "dbax.InserXBRLUsua", "dbax.InserXBRLUsua\dbax.InserXBRLUsua.csproj", "{50B70145-ACBE-4005-A750-5D8B067CA890}"
EndProject
Project("{FAE04EC0-301F-11D3-BF4B-00C04F79EFBC}") = "DBNeT.DBAX.Controlador", "..\dbsWebNet\DBNeT.DBAX.Controlador\DBNeT.DBAX.Controlador.csproj", "{AFEE0868-3216-4139-B1C9-831399AB0198}"
EndProject
Project("{FAE04EC0-301F-11D3-BF4B-00C04F79EFBC}") = "DBNeT.DBAX.Modelo", "..\dbsWebNet\DBNeT.DBAX.Modelo\DBNeT.DBAX.Modelo.csproj", "{95F0AF9C-0D66-41F5-A3EF-512A9937A920}"
EndProject
Project("{FAE04EC0-301F-11D3-BF4B-00C04F79EFBC}") = "dbax.DescargaArchivos1", "DescargaArchivos1\dbax.DescargaArchivos1.csproj", "{8605A62F-804A-4B7C-889B-C1C8F5F1AFD0}"
EndProject
Project("{FAE04EC0-301F-11D3-BF4B-00C04F79EFBC}") = "dbax.CuentaXBRL", "dbax.CuentaXBRL\dbax.CuentaXBRL.csproj", "{C99EFED6-AD43-414F-BA9C-3AC3EA7EC0AB}"
EndProject
Project("{FAE04EC0-301F-11D3-BF4B-00C04F79EFBC}") = "Gestor", "..\Bot\Gestor\Gestor.csproj", "{FD90F6A3-D701-41AB-90B9-7F0307F4AA7C}"
EndProject
Project("{FAE04EC0-301F-11D3-BF4B-00C04F79EFBC}") = "GestorDescargas2", "..\Bot\GestorDescargas2\GestorDescargas2\GestorDescargas2.csproj", "{38E40F65-712C-4AC5-8184-798D35F9C1AF}"
EndProject
Project("{FAE04EC0-301F-11D3-BF4B-00C04F79EFBC}") = "dbax.ActualizaCubo", "dbax.ActualizaCubo\dbax.ActualizaCubo.csproj", "{D53EDF09-5184-413D-9DD7-0C09491D18D4}"
EndProject
Project("{FAE04EC0-301F-11D3-BF4B-00C04F79EFBC}") = "WindowsFormsApplication1", "WindowsFormsApplication1\WindowsFormsApplication1.csproj", "{83103B4A-9F6C-41E3-AE7B-31E507AA81F4}"
EndProject
Project("{FAE04EC0-301F-11D3-BF4B-00C04F79EFBC}") = "GestorDescargasColombia", "..\Bot\GestorDescargasColombia\GestorDescargasColombia.csproj", "{306F5EE2-EB33-4F3A-AD55-0F5C92776530}"
EndProject
Project("{FAE04EC0-301F-11D3-BF4B-00C04F79EFBC}") = "dbnet.ComprimirArchivos", "dbnet.ComprimirArchivos\dbnet.ComprimirArchivos.csproj", "{C567F93C-76A9-4A48-B83A-9F15294CB6E0}"
EndProject
Project("{FAE04EC0-301F-11D3-BF4B-00C04F79EFBC}") = "dbax.ExpoData", "dbax.ExpoData\dbax.ExpoData.csproj", "{C3117CEB-4D38-4DF4-AF47-E45FD3E78B95}"
EndProject
Project("{FAE04EC0-301F-11D3-BF4B-00C04F79EFBC}") = "dbax.EnviaCorreo", "dbax.EnviaCorreo\dbax.EnviaCorreo.csproj", "{DC206A87-F715-4A77-87C0-FC0BD00CED8B}"
EndProject
Project("{FAE04EC0-301F-11D3-BF4B-00C04F79EFBC}") = "dbnet.ReprocesaXBRL", "dbnet.ReprocesaXBRL\dbnet.ReprocesaXBRL.csproj", "{390B4B3C-E60A-47B2-8C01-36DCD3989194}"
EndProject
Project("{FAE04EC0-301F-11D3-BF4B-00C04F79EFBC}") = "dbnet.insertaEnCentral", "dbnet.insertaEnCentral\dbnet.insertaEnCentral.csproj", "{2E279A36-D246-49C4-B051-8F3A74D6B1BD}"
EndProject
Global
	GlobalSection(SolutionConfigurationPlatforms) = preSolution
		Debug|Any CPU = Debug|Any CPU
		Debug|Mixed Platforms = Debug|Mixed Platforms
		Debug|x64 = Debug|x64
		Debug|x86 = Debug|x86
		Release|Any CPU = Release|Any CPU
		Release|Mixed Platforms = Release|Mixed Platforms
		Release|x64 = Release|x64
		Release|x86 = Release|x86
	EndGlobalSection
	GlobalSection(ProjectConfigurationPlatforms) = postSolution
		{9597DE29-375C-4DBF-A46E-6D114F5D61A0}.Debug|Any CPU.ActiveCfg = Debug|x86
		{9597DE29-375C-4DBF-A46E-6D114F5D61A0}.Debug|Any CPU.Build.0 = Debug|x86
		{9597DE29-375C-4DBF-A46E-6D114F5D61A0}.Debug|Mixed Platforms.ActiveCfg = Debug|x86
		{9597DE29-375C-4DBF-A46E-6D114F5D61A0}.Debug|Mixed Platforms.Build.0 = Debug|x86
		{9597DE29-375C-4DBF-A46E-6D114F5D61A0}.Debug|x64.ActiveCfg = Debug|x86
		{9597DE29-375C-4DBF-A46E-6D114F5D61A0}.Debug|x86.ActiveCfg = Debug|x86
		{9597DE29-375C-4DBF-A46E-6D114F5D61A0}.Debug|x86.Build.0 = Debug|x86
		{9597DE29-375C-4DBF-A46E-6D114F5D61A0}.Release|Any CPU.ActiveCfg = Release|x86
		{9597DE29-375C-4DBF-A46E-6D114F5D61A0}.Release|Any CPU.Build.0 = Release|x86
		{9597DE29-375C-4DBF-A46E-6D114F5D61A0}.Release|Mixed Platforms.ActiveCfg = Release|x86
		{9597DE29-375C-4DBF-A46E-6D114F5D61A0}.Release|Mixed Platforms.Build.0 = Release|x86
		{9597DE29-375C-4DBF-A46E-6D114F5D61A0}.Release|x64.ActiveCfg = Release|x86
		{9597DE29-375C-4DBF-A46E-6D114F5D61A0}.Release|x86.ActiveCfg = Release|x86
		{9597DE29-375C-4DBF-A46E-6D114F5D61A0}.Release|x86.Build.0 = Release|x86
		{D890174D-12A1-4FA5-AF21-13A447734850}.Debug|Any CPU.ActiveCfg = Debug|x86
		{D890174D-12A1-4FA5-AF21-13A447734850}.Debug|Any CPU.Build.0 = Debug|x86
		{D890174D-12A1-4FA5-AF21-13A447734850}.Debug|Mixed Platforms.ActiveCfg = Debug|x86
		{D890174D-12A1-4FA5-AF21-13A447734850}.Debug|Mixed Platforms.Build.0 = Debug|x86
		{D890174D-12A1-4FA5-AF21-13A447734850}.Debug|x64.ActiveCfg = Debug|x86
		{D890174D-12A1-4FA5-AF21-13A447734850}.Debug|x86.ActiveCfg = Debug|x86
		{D890174D-12A1-4FA5-AF21-13A447734850}.Debug|x86.Build.0 = Debug|x86
		{D890174D-12A1-4FA5-AF21-13A447734850}.Release|Any CPU.ActiveCfg = Release|x86
		{D890174D-12A1-4FA5-AF21-13A447734850}.Release|Any CPU.Build.0 = Release|x86
		{D890174D-12A1-4FA5-AF21-13A447734850}.Release|Mixed Platforms.ActiveCfg = Release|x86
		{D890174D-12A1-4FA5-AF21-13A447734850}.Release|Mixed Platforms.Build.0 = Release|x86
		{D890174D-12A1-4FA5-AF21-13A447734850}.Release|x64.ActiveCfg = Release|x86
		{D890174D-12A1-4FA5-AF21-13A447734850}.Release|x86.ActiveCfg = Release|x86
		{D890174D-12A1-4FA5-AF21-13A447734850}.Release|x86.Build.0 = Release|x86
		{2375CE80-303A-4624-BDDE-0D9FA9102C57}.Debug|Any CPU.ActiveCfg = Debug|x86
		{2375CE80-303A-4624-BDDE-0D9FA9102C57}.Debug|Any CPU.Build.0 = Debug|x86
		{2375CE80-303A-4624-BDDE-0D9FA9102C57}.Debug|Mixed Platforms.ActiveCfg = Debug|x86
		{2375CE80-303A-4624-BDDE-0D9FA9102C57}.Debug|Mixed Platforms.Build.0 = Debug|x86
		{2375CE80-303A-4624-BDDE-0D9FA9102C57}.Debug|x64.ActiveCfg = Debug|x86
		{2375CE80-303A-4624-BDDE-0D9FA9102C57}.Debug|x86.ActiveCfg = Debug|x86
		{2375CE80-303A-4624-BDDE-0D9FA9102C57}.Debug|x86.Build.0 = Debug|x86
		{2375CE80-303A-4624-BDDE-0D9FA9102C57}.Release|Any CPU.ActiveCfg = Release|x86
		{2375CE80-303A-4624-BDDE-0D9FA9102C57}.Release|Any CPU.Build.0 = Release|x86
		{2375CE80-303A-4624-BDDE-0D9FA9102C57}.Release|Mixed Platforms.ActiveCfg = Release|x86
		{2375CE80-303A-4624-BDDE-0D9FA9102C57}.Release|Mixed Platforms.Build.0 = Release|x86
		{2375CE80-303A-4624-BDDE-0D9FA9102C57}.Release|x64.ActiveCfg = Release|x86
		{2375CE80-303A-4624-BDDE-0D9FA9102C57}.Release|x86.ActiveCfg = Release|x86
		{2375CE80-303A-4624-BDDE-0D9FA9102C57}.Release|x86.Build.0 = Release|x86
		{21494307-4E1F-4698-B19C-9FED6726910E}.Debug|Any CPU.ActiveCfg = Debug|x86
		{21494307-4E1F-4698-B19C-9FED6726910E}.Debug|Any CPU.Build.0 = Debug|x86
		{21494307-4E1F-4698-B19C-9FED6726910E}.Debug|Mixed Platforms.ActiveCfg = Debug|x86
		{21494307-4E1F-4698-B19C-9FED6726910E}.Debug|Mixed Platforms.Build.0 = Debug|x86
		{21494307-4E1F-4698-B19C-9FED6726910E}.Debug|x64.ActiveCfg = Debug|x86
		{21494307-4E1F-4698-B19C-9FED6726910E}.Debug|x86.ActiveCfg = Debug|x86
		{21494307-4E1F-4698-B19C-9FED6726910E}.Debug|x86.Build.0 = Debug|x86
		{21494307-4E1F-4698-B19C-9FED6726910E}.Release|Any CPU.ActiveCfg = Release|x86
		{21494307-4E1F-4698-B19C-9FED6726910E}.Release|Any CPU.Build.0 = Release|x86
		{21494307-4E1F-4698-B19C-9FED6726910E}.Release|Mixed Platforms.ActiveCfg = Release|x86
		{21494307-4E1F-4698-B19C-9FED6726910E}.Release|Mixed Platforms.Build.0 = Release|x86
		{21494307-4E1F-4698-B19C-9FED6726910E}.Release|x64.ActiveCfg = Release|x86
		{21494307-4E1F-4698-B19C-9FED6726910E}.Release|x86.ActiveCfg = Release|x86
		{21494307-4E1F-4698-B19C-9FED6726910E}.Release|x86.Build.0 = Release|x86
		{BAD2B472-9846-49EF-85B7-5D00C5701F3A}.Debug|Any CPU.ActiveCfg = Debug|x86
		{BAD2B472-9846-49EF-85B7-5D00C5701F3A}.Debug|Any CPU.Build.0 = Debug|x86
		{BAD2B472-9846-49EF-85B7-5D00C5701F3A}.Debug|Mixed Platforms.ActiveCfg = Debug|x86
		{BAD2B472-9846-49EF-85B7-5D00C5701F3A}.Debug|Mixed Platforms.Build.0 = Debug|x86
		{BAD2B472-9846-49EF-85B7-5D00C5701F3A}.Debug|x64.ActiveCfg = Debug|x86
		{BAD2B472-9846-49EF-85B7-5D00C5701F3A}.Debug|x86.ActiveCfg = Debug|x86
		{BAD2B472-9846-49EF-85B7-5D00C5701F3A}.Debug|x86.Build.0 = Debug|x86
		{BAD2B472-9846-49EF-85B7-5D00C5701F3A}.Release|Any CPU.ActiveCfg = Release|x86
		{BAD2B472-9846-49EF-85B7-5D00C5701F3A}.Release|Any CPU.Build.0 = Release|x86
		{BAD2B472-9846-49EF-85B7-5D00C5701F3A}.Release|Mixed Platforms.ActiveCfg = Release|x86
		{BAD2B472-9846-49EF-85B7-5D00C5701F3A}.Release|Mixed Platforms.Build.0 = Release|x86
		{BAD2B472-9846-49EF-85B7-5D00C5701F3A}.Release|x64.ActiveCfg = Release|x86
		{BAD2B472-9846-49EF-85B7-5D00C5701F3A}.Release|x86.ActiveCfg = Release|x86
		{BAD2B472-9846-49EF-85B7-5D00C5701F3A}.Release|x86.Build.0 = Release|x86
		{C942ADC0-B62A-4FC8-B551-9630C3E10DDF}.Debug|Any CPU.ActiveCfg = Debug|x86
		{C942ADC0-B62A-4FC8-B551-9630C3E10DDF}.Debug|Any CPU.Build.0 = Debug|x86
		{C942ADC0-B62A-4FC8-B551-9630C3E10DDF}.Debug|Mixed Platforms.ActiveCfg = Debug|x86
		{C942ADC0-B62A-4FC8-B551-9630C3E10DDF}.Debug|Mixed Platforms.Build.0 = Debug|x86
		{C942ADC0-B62A-4FC8-B551-9630C3E10DDF}.Debug|x64.ActiveCfg = Debug|x86
		{C942ADC0-B62A-4FC8-B551-9630C3E10DDF}.Debug|x86.ActiveCfg = Debug|x86
		{C942ADC0-B62A-4FC8-B551-9630C3E10DDF}.Debug|x86.Build.0 = Debug|x86
		{C942ADC0-B62A-4FC8-B551-9630C3E10DDF}.Release|Any CPU.ActiveCfg = Release|x86
		{C942ADC0-B62A-4FC8-B551-9630C3E10DDF}.Release|Any CPU.Build.0 = Release|x86
		{C942ADC0-B62A-4FC8-B551-9630C3E10DDF}.Release|Mixed Platforms.ActiveCfg = Release|x86
		{C942ADC0-B62A-4FC8-B551-9630C3E10DDF}.Release|Mixed Platforms.Build.0 = Release|x86
		{C942ADC0-B62A-4FC8-B551-9630C3E10DDF}.Release|x64.ActiveCfg = Release|x86
		{C942ADC0-B62A-4FC8-B551-9630C3E10DDF}.Release|x86.ActiveCfg = Release|x86
		{C942ADC0-B62A-4FC8-B551-9630C3E10DDF}.Release|x86.Build.0 = Release|x86
		{00DD7FC2-E3A7-497E-BA42-1181019EE8F9}.Debug|Any CPU.ActiveCfg = Debug|x86
		{00DD7FC2-E3A7-497E-BA42-1181019EE8F9}.Debug|Any CPU.Build.0 = Debug|x86
		{00DD7FC2-E3A7-497E-BA42-1181019EE8F9}.Debug|Mixed Platforms.ActiveCfg = Debug|x86
		{00DD7FC2-E3A7-497E-BA42-1181019EE8F9}.Debug|Mixed Platforms.Build.0 = Debug|x86
		{00DD7FC2-E3A7-497E-BA42-1181019EE8F9}.Debug|x64.ActiveCfg = Debug|x86
		{00DD7FC2-E3A7-497E-BA42-1181019EE8F9}.Debug|x86.ActiveCfg = Debug|x86
		{00DD7FC2-E3A7-497E-BA42-1181019EE8F9}.Debug|x86.Build.0 = Debug|x86
		{00DD7FC2-E3A7-497E-BA42-1181019EE8F9}.Release|Any CPU.ActiveCfg = Release|x86
		{00DD7FC2-E3A7-497E-BA42-1181019EE8F9}.Release|Any CPU.Build.0 = Release|x86
		{00DD7FC2-E3A7-497E-BA42-1181019EE8F9}.Release|Mixed Platforms.ActiveCfg = Release|x86
		{00DD7FC2-E3A7-497E-BA42-1181019EE8F9}.Release|Mixed Platforms.Build.0 = Release|x86
		{00DD7FC2-E3A7-497E-BA42-1181019EE8F9}.Release|x64.ActiveCfg = Release|x86
		{00DD7FC2-E3A7-497E-BA42-1181019EE8F9}.Release|x86.ActiveCfg = Release|x86
		{00DD7FC2-E3A7-497E-BA42-1181019EE8F9}.Release|x86.Build.0 = Release|x86
		{30C62EFB-478C-497E-92AC-759BCD94A1A2}.Debug|Any CPU.ActiveCfg = Debug|x86
		{30C62EFB-478C-497E-92AC-759BCD94A1A2}.Debug|Any CPU.Build.0 = Debug|x86
		{30C62EFB-478C-497E-92AC-759BCD94A1A2}.Debug|Mixed Platforms.ActiveCfg = Debug|x86
		{30C62EFB-478C-497E-92AC-759BCD94A1A2}.Debug|Mixed Platforms.Build.0 = Debug|x86
		{30C62EFB-478C-497E-92AC-759BCD94A1A2}.Debug|x64.ActiveCfg = Debug|x86
		{30C62EFB-478C-497E-92AC-759BCD94A1A2}.Debug|x86.ActiveCfg = Debug|x86
		{30C62EFB-478C-497E-92AC-759BCD94A1A2}.Debug|x86.Build.0 = Debug|x86
		{30C62EFB-478C-497E-92AC-759BCD94A1A2}.Release|Any CPU.ActiveCfg = Release|x86
		{30C62EFB-478C-497E-92AC-759BCD94A1A2}.Release|Any CPU.Build.0 = Release|x86
		{30C62EFB-478C-497E-92AC-759BCD94A1A2}.Release|Mixed Platforms.ActiveCfg = Release|x86
		{30C62EFB-478C-497E-92AC-759BCD94A1A2}.Release|Mixed Platforms.Build.0 = Release|x86
		{30C62EFB-478C-497E-92AC-759BCD94A1A2}.Release|x64.ActiveCfg = Release|x86
		{30C62EFB-478C-497E-92AC-759BCD94A1A2}.Release|x86.ActiveCfg = Release|x86
		{30C62EFB-478C-497E-92AC-759BCD94A1A2}.Release|x86.Build.0 = Release|x86
		{93E24066-AACB-4330-B10B-305CF169E85B}.Debug|Any CPU.ActiveCfg = Debug|x86
		{93E24066-AACB-4330-B10B-305CF169E85B}.Debug|Any CPU.Build.0 = Debug|x86
		{93E24066-AACB-4330-B10B-305CF169E85B}.Debug|Mixed Platforms.ActiveCfg = Debug|x86
		{93E24066-AACB-4330-B10B-305CF169E85B}.Debug|Mixed Platforms.Build.0 = Debug|x86
		{93E24066-AACB-4330-B10B-305CF169E85B}.Debug|x64.ActiveCfg = Debug|x86
		{93E24066-AACB-4330-B10B-305CF169E85B}.Debug|x86.ActiveCfg = Debug|x86
		{93E24066-AACB-4330-B10B-305CF169E85B}.Debug|x86.Build.0 = Debug|x86
		{93E24066-AACB-4330-B10B-305CF169E85B}.Release|Any CPU.ActiveCfg = Release|x86
		{93E24066-AACB-4330-B10B-305CF169E85B}.Release|Any CPU.Build.0 = Release|x86
		{93E24066-AACB-4330-B10B-305CF169E85B}.Release|Mixed Platforms.ActiveCfg = Release|x86
		{93E24066-AACB-4330-B10B-305CF169E85B}.Release|Mixed Platforms.Build.0 = Release|x86
		{93E24066-AACB-4330-B10B-305CF169E85B}.Release|x64.ActiveCfg = Release|x86
		{93E24066-AACB-4330-B10B-305CF169E85B}.Release|x86.ActiveCfg = Release|x86
		{93E24066-AACB-4330-B10B-305CF169E85B}.Release|x86.Build.0 = Release|x86
		{50B70145-ACBE-4005-A750-5D8B067CA890}.Debug|Any CPU.ActiveCfg = Debug|x86
		{50B70145-ACBE-4005-A750-5D8B067CA890}.Debug|Any CPU.Build.0 = Debug|x86
		{50B70145-ACBE-4005-A750-5D8B067CA890}.Debug|Mixed Platforms.ActiveCfg = Debug|x86
		{50B70145-ACBE-4005-A750-5D8B067CA890}.Debug|Mixed Platforms.Build.0 = Debug|x86
		{50B70145-ACBE-4005-A750-5D8B067CA890}.Debug|x64.ActiveCfg = Debug|x86
		{50B70145-ACBE-4005-A750-5D8B067CA890}.Debug|x86.ActiveCfg = Debug|x86
		{50B70145-ACBE-4005-A750-5D8B067CA890}.Debug|x86.Build.0 = Debug|x86
		{50B70145-ACBE-4005-A750-5D8B067CA890}.Release|Any CPU.ActiveCfg = Release|x86
		{50B70145-ACBE-4005-A750-5D8B067CA890}.Release|Any CPU.Build.0 = Release|x86
		{50B70145-ACBE-4005-A750-5D8B067CA890}.Release|Mixed Platforms.ActiveCfg = Release|x86
		{50B70145-ACBE-4005-A750-5D8B067CA890}.Release|Mixed Platforms.Build.0 = Release|x86
		{50B70145-ACBE-4005-A750-5D8B067CA890}.Release|x64.ActiveCfg = Release|x86
		{50B70145-ACBE-4005-A750-5D8B067CA890}.Release|x86.ActiveCfg = Release|x86
		{50B70145-ACBE-4005-A750-5D8B067CA890}.Release|x86.Build.0 = Release|x86
		{AFEE0868-3216-4139-B1C9-831399AB0198}.Debug|Any CPU.ActiveCfg = Debug|x86
		{AFEE0868-3216-4139-B1C9-831399AB0198}.Debug|Any CPU.Build.0 = Debug|x86
		{AFEE0868-3216-4139-B1C9-831399AB0198}.Debug|Mixed Platforms.ActiveCfg = Debug|x86
		{AFEE0868-3216-4139-B1C9-831399AB0198}.Debug|Mixed Platforms.Build.0 = Debug|x86
		{AFEE0868-3216-4139-B1C9-831399AB0198}.Debug|x64.ActiveCfg = Debug|Any CPU
		{AFEE0868-3216-4139-B1C9-831399AB0198}.Debug|x86.ActiveCfg = Debug|x86
		{AFEE0868-3216-4139-B1C9-831399AB0198}.Debug|x86.Build.0 = Debug|x86
		{AFEE0868-3216-4139-B1C9-831399AB0198}.Release|Any CPU.ActiveCfg = Release|x86
		{AFEE0868-3216-4139-B1C9-831399AB0198}.Release|Any CPU.Build.0 = Release|x86
		{AFEE0868-3216-4139-B1C9-831399AB0198}.Release|Mixed Platforms.ActiveCfg = Release|x86
		{AFEE0868-3216-4139-B1C9-831399AB0198}.Release|Mixed Platforms.Build.0 = Release|x86
		{AFEE0868-3216-4139-B1C9-831399AB0198}.Release|x64.ActiveCfg = Release|Any CPU
		{AFEE0868-3216-4139-B1C9-831399AB0198}.Release|x86.ActiveCfg = Release|x86
		{AFEE0868-3216-4139-B1C9-831399AB0198}.Release|x86.Build.0 = Release|x86
		{95F0AF9C-0D66-41F5-A3EF-512A9937A920}.Debug|Any CPU.ActiveCfg = Debug|x86
		{95F0AF9C-0D66-41F5-A3EF-512A9937A920}.Debug|Any CPU.Build.0 = Debug|x86
		{95F0AF9C-0D66-41F5-A3EF-512A9937A920}.Debug|Mixed Platforms.ActiveCfg = Debug|x86
		{95F0AF9C-0D66-41F5-A3EF-512A9937A920}.Debug|Mixed Platforms.Build.0 = Debug|x86
		{95F0AF9C-0D66-41F5-A3EF-512A9937A920}.Debug|x64.ActiveCfg = Debug|Any CPU
		{95F0AF9C-0D66-41F5-A3EF-512A9937A920}.Debug|x86.ActiveCfg = Debug|x86
		{95F0AF9C-0D66-41F5-A3EF-512A9937A920}.Debug|x86.Build.0 = Debug|x86
		{95F0AF9C-0D66-41F5-A3EF-512A9937A920}.Release|Any CPU.ActiveCfg = Release|x86
		{95F0AF9C-0D66-41F5-A3EF-512A9937A920}.Release|Any CPU.Build.0 = Release|x86
		{95F0AF9C-0D66-41F5-A3EF-512A9937A920}.Release|Mixed Platforms.ActiveCfg = Release|x86
		{95F0AF9C-0D66-41F5-A3EF-512A9937A920}.Release|Mixed Platforms.Build.0 = Release|x86
		{95F0AF9C-0D66-41F5-A3EF-512A9937A920}.Release|x64.ActiveCfg = Release|Any CPU
		{95F0AF9C-0D66-41F5-A3EF-512A9937A920}.Release|x86.ActiveCfg = Release|x86
		{95F0AF9C-0D66-41F5-A3EF-512A9937A920}.Release|x86.Build.0 = Release|x86
		{8605A62F-804A-4B7C-889B-C1C8F5F1AFD0}.Debug|Any CPU.ActiveCfg = Debug|x86
		{8605A62F-804A-4B7C-889B-C1C8F5F1AFD0}.Debug|Any CPU.Build.0 = Debug|x86
		{8605A62F-804A-4B7C-889B-C1C8F5F1AFD0}.Debug|Mixed Platforms.ActiveCfg = Debug|x86
		{8605A62F-804A-4B7C-889B-C1C8F5F1AFD0}.Debug|Mixed Platforms.Build.0 = Debug|x86
		{8605A62F-804A-4B7C-889B-C1C8F5F1AFD0}.Debug|x64.ActiveCfg = Debug|x86
		{8605A62F-804A-4B7C-889B-C1C8F5F1AFD0}.Debug|x86.ActiveCfg = Debug|x86
		{8605A62F-804A-4B7C-889B-C1C8F5F1AFD0}.Debug|x86.Build.0 = Debug|x86
		{8605A62F-804A-4B7C-889B-C1C8F5F1AFD0}.Release|Any CPU.ActiveCfg = Release|x86
		{8605A62F-804A-4B7C-889B-C1C8F5F1AFD0}.Release|Any CPU.Build.0 = Release|x86
		{8605A62F-804A-4B7C-889B-C1C8F5F1AFD0}.Release|Mixed Platforms.ActiveCfg = Release|x86
		{8605A62F-804A-4B7C-889B-C1C8F5F1AFD0}.Release|Mixed Platforms.Build.0 = Release|x86
		{8605A62F-804A-4B7C-889B-C1C8F5F1AFD0}.Release|x64.ActiveCfg = Release|x86
		{8605A62F-804A-4B7C-889B-C1C8F5F1AFD0}.Release|x86.ActiveCfg = Release|x86
		{8605A62F-804A-4B7C-889B-C1C8F5F1AFD0}.Release|x86.Build.0 = Release|x86
		{C99EFED6-AD43-414F-BA9C-3AC3EA7EC0AB}.Debug|Any CPU.ActiveCfg = Debug|x86
		{C99EFED6-AD43-414F-BA9C-3AC3EA7EC0AB}.Debug|Any CPU.Build.0 = Debug|x86
		{C99EFED6-AD43-414F-BA9C-3AC3EA7EC0AB}.Debug|Mixed Platforms.ActiveCfg = Debug|x86
		{C99EFED6-AD43-414F-BA9C-3AC3EA7EC0AB}.Debug|Mixed Platforms.Build.0 = Debug|x86
		{C99EFED6-AD43-414F-BA9C-3AC3EA7EC0AB}.Debug|x64.ActiveCfg = Debug|x86
		{C99EFED6-AD43-414F-BA9C-3AC3EA7EC0AB}.Debug|x86.ActiveCfg = Debug|x86
		{C99EFED6-AD43-414F-BA9C-3AC3EA7EC0AB}.Debug|x86.Build.0 = Debug|x86
		{C99EFED6-AD43-414F-BA9C-3AC3EA7EC0AB}.Release|Any CPU.ActiveCfg = Release|x86
		{C99EFED6-AD43-414F-BA9C-3AC3EA7EC0AB}.Release|Any CPU.Build.0 = Release|x86
		{C99EFED6-AD43-414F-BA9C-3AC3EA7EC0AB}.Release|Mixed Platforms.ActiveCfg = Release|x86
		{C99EFED6-AD43-414F-BA9C-3AC3EA7EC0AB}.Release|Mixed Platforms.Build.0 = Release|x86
		{C99EFED6-AD43-414F-BA9C-3AC3EA7EC0AB}.Release|x64.ActiveCfg = Release|x86
		{C99EFED6-AD43-414F-BA9C-3AC3EA7EC0AB}.Release|x86.ActiveCfg = Release|x86
		{C99EFED6-AD43-414F-BA9C-3AC3EA7EC0AB}.Release|x86.Build.0 = Release|x86
		{FD90F6A3-D701-41AB-90B9-7F0307F4AA7C}.Debug|Any CPU.ActiveCfg = Debug|Any CPU
		{FD90F6A3-D701-41AB-90B9-7F0307F4AA7C}.Debug|Any CPU.Build.0 = Debug|Any CPU
		{FD90F6A3-D701-41AB-90B9-7F0307F4AA7C}.Debug|Mixed Platforms.ActiveCfg = Debug|Any CPU
		{FD90F6A3-D701-41AB-90B9-7F0307F4AA7C}.Debug|Mixed Platforms.Build.0 = Debug|Any CPU
		{FD90F6A3-D701-41AB-90B9-7F0307F4AA7C}.Debug|x64.ActiveCfg = Debug|Any CPU
		{FD90F6A3-D701-41AB-90B9-7F0307F4AA7C}.Debug|x86.ActiveCfg = Debug|Any CPU
		{FD90F6A3-D701-41AB-90B9-7F0307F4AA7C}.Release|Any CPU.ActiveCfg = Release|Any CPU
		{FD90F6A3-D701-41AB-90B9-7F0307F4AA7C}.Release|Any CPU.Build.0 = Release|Any CPU
		{FD90F6A3-D701-41AB-90B9-7F0307F4AA7C}.Release|Mixed Platforms.ActiveCfg = Release|Any CPU
		{FD90F6A3-D701-41AB-90B9-7F0307F4AA7C}.Release|Mixed Platforms.Build.0 = Release|Any CPU
		{FD90F6A3-D701-41AB-90B9-7F0307F4AA7C}.Release|x64.ActiveCfg = Release|Any CPU
		{FD90F6A3-D701-41AB-90B9-7F0307F4AA7C}.Release|x86.ActiveCfg = Release|Any CPU
		{38E40F65-712C-4AC5-8184-798D35F9C1AF}.Debug|Any CPU.ActiveCfg = Debug|x86
		{38E40F65-712C-4AC5-8184-798D35F9C1AF}.Debug|Any CPU.Build.0 = Debug|x86
		{38E40F65-712C-4AC5-8184-798D35F9C1AF}.Debug|Mixed Platforms.ActiveCfg = Debug|x86
		{38E40F65-712C-4AC5-8184-798D35F9C1AF}.Debug|Mixed Platforms.Build.0 = Debug|x86
		{38E40F65-712C-4AC5-8184-798D35F9C1AF}.Debug|x64.ActiveCfg = Debug|x86
		{38E40F65-712C-4AC5-8184-798D35F9C1AF}.Debug|x86.ActiveCfg = Debug|x86
		{38E40F65-712C-4AC5-8184-798D35F9C1AF}.Debug|x86.Build.0 = Debug|x86
		{38E40F65-712C-4AC5-8184-798D35F9C1AF}.Release|Any CPU.ActiveCfg = Release|x86
		{38E40F65-712C-4AC5-8184-798D35F9C1AF}.Release|Any CPU.Build.0 = Release|x86
		{38E40F65-712C-4AC5-8184-798D35F9C1AF}.Release|Mixed Platforms.ActiveCfg = Release|x86
		{38E40F65-712C-4AC5-8184-798D35F9C1AF}.Release|Mixed Platforms.Build.0 = Release|x86
		{38E40F65-712C-4AC5-8184-798D35F9C1AF}.Release|x64.ActiveCfg = Release|x86
		{38E40F65-712C-4AC5-8184-798D35F9C1AF}.Release|x86.ActiveCfg = Release|x86
		{38E40F65-712C-4AC5-8184-798D35F9C1AF}.Release|x86.Build.0 = Release|x86
		{D53EDF09-5184-413D-9DD7-0C09491D18D4}.Debug|Any CPU.ActiveCfg = Debug|x86
		{D53EDF09-5184-413D-9DD7-0C09491D18D4}.Debug|Any CPU.Build.0 = Debug|x86
		{D53EDF09-5184-413D-9DD7-0C09491D18D4}.Debug|Mixed Platforms.ActiveCfg = Debug|x86
		{D53EDF09-5184-413D-9DD7-0C09491D18D4}.Debug|Mixed Platforms.Build.0 = Debug|x86
		{D53EDF09-5184-413D-9DD7-0C09491D18D4}.Debug|x64.ActiveCfg = Debug|x86
		{D53EDF09-5184-413D-9DD7-0C09491D18D4}.Debug|x86.ActiveCfg = Debug|x86
		{D53EDF09-5184-413D-9DD7-0C09491D18D4}.Debug|x86.Build.0 = Debug|x86
		{D53EDF09-5184-413D-9DD7-0C09491D18D4}.Release|Any CPU.ActiveCfg = Release|x86
		{D53EDF09-5184-413D-9DD7-0C09491D18D4}.Release|Mixed Platforms.ActiveCfg = Release|x86
		{D53EDF09-5184-413D-9DD7-0C09491D18D4}.Release|Mixed Platforms.Build.0 = Release|x86
		{D53EDF09-5184-413D-9DD7-0C09491D18D4}.Release|x64.ActiveCfg = Release|x86
		{D53EDF09-5184-413D-9DD7-0C09491D18D4}.Release|x86.ActiveCfg = Release|x86
		{D53EDF09-5184-413D-9DD7-0C09491D18D4}.Release|x86.Build.0 = Release|x86
		{83103B4A-9F6C-41E3-AE7B-31E507AA81F4}.Debug|Any CPU.ActiveCfg = Debug|x86
		{83103B4A-9F6C-41E3-AE7B-31E507AA81F4}.Debug|Mixed Platforms.ActiveCfg = Debug|x86
		{83103B4A-9F6C-41E3-AE7B-31E507AA81F4}.Debug|Mixed Platforms.Build.0 = Debug|x86
		{83103B4A-9F6C-41E3-AE7B-31E507AA81F4}.Debug|x64.ActiveCfg = Debug|x86
		{83103B4A-9F6C-41E3-AE7B-31E507AA81F4}.Debug|x86.ActiveCfg = Debug|x86
		{83103B4A-9F6C-41E3-AE7B-31E507AA81F4}.Debug|x86.Build.0 = Debug|x86
		{83103B4A-9F6C-41E3-AE7B-31E507AA81F4}.Release|Any CPU.ActiveCfg = Release|x86
		{83103B4A-9F6C-41E3-AE7B-31E507AA81F4}.Release|Any CPU.Build.0 = Release|x86
		{83103B4A-9F6C-41E3-AE7B-31E507AA81F4}.Release|Mixed Platforms.ActiveCfg = Release|x86
		{83103B4A-9F6C-41E3-AE7B-31E507AA81F4}.Release|Mixed Platforms.Build.0 = Release|x86
		{83103B4A-9F6C-41E3-AE7B-31E507AA81F4}.Release|x64.ActiveCfg = Release|x86
		{83103B4A-9F6C-41E3-AE7B-31E507AA81F4}.Release|x86.ActiveCfg = Release|x86
		{83103B4A-9F6C-41E3-AE7B-31E507AA81F4}.Release|x86.Build.0 = Release|x86
		{306F5EE2-EB33-4F3A-AD55-0F5C92776530}.Debug|Any CPU.ActiveCfg = Debug|Any CPU
		{306F5EE2-EB33-4F3A-AD55-0F5C92776530}.Debug|Any CPU.Build.0 = Debug|Any CPU
		{306F5EE2-EB33-4F3A-AD55-0F5C92776530}.Debug|Mixed Platforms.ActiveCfg = Debug|Any CPU
		{306F5EE2-EB33-4F3A-AD55-0F5C92776530}.Debug|Mixed Platforms.Build.0 = Debug|Any CPU
		{306F5EE2-EB33-4F3A-AD55-0F5C92776530}.Debug|x64.ActiveCfg = Debug|x64
		{306F5EE2-EB33-4F3A-AD55-0F5C92776530}.Debug|x64.Build.0 = Debug|x64
		{306F5EE2-EB33-4F3A-AD55-0F5C92776530}.Debug|x86.ActiveCfg = Debug|Any CPU
		{306F5EE2-EB33-4F3A-AD55-0F5C92776530}.Release|Any CPU.ActiveCfg = Release|Any CPU
		{306F5EE2-EB33-4F3A-AD55-0F5C92776530}.Release|Any CPU.Build.0 = Release|Any CPU
		{306F5EE2-EB33-4F3A-AD55-0F5C92776530}.Release|Mixed Platforms.ActiveCfg = Release|Any CPU
		{306F5EE2-EB33-4F3A-AD55-0F5C92776530}.Release|Mixed Platforms.Build.0 = Release|Any CPU
		{306F5EE2-EB33-4F3A-AD55-0F5C92776530}.Release|x64.ActiveCfg = Release|x64
		{306F5EE2-EB33-4F3A-AD55-0F5C92776530}.Release|x64.Build.0 = Release|x64
		{306F5EE2-EB33-4F3A-AD55-0F5C92776530}.Release|x86.ActiveCfg = Release|Any CPU
		{C567F93C-76A9-4A48-B83A-9F15294CB6E0}.Debug|Any CPU.ActiveCfg = Debug|Any CPU
		{C567F93C-76A9-4A48-B83A-9F15294CB6E0}.Debug|Any CPU.Build.0 = Debug|Any CPU
		{C567F93C-76A9-4A48-B83A-9F15294CB6E0}.Debug|Mixed Platforms.ActiveCfg = Debug|Any CPU
		{C567F93C-76A9-4A48-B83A-9F15294CB6E0}.Debug|Mixed Platforms.Build.0 = Debug|Any CPU
		{C567F93C-76A9-4A48-B83A-9F15294CB6E0}.Debug|x64.ActiveCfg = Debug|Any CPU
		{C567F93C-76A9-4A48-B83A-9F15294CB6E0}.Debug|x86.ActiveCfg = Debug|Any CPU
		{C567F93C-76A9-4A48-B83A-9F15294CB6E0}.Release|Any CPU.ActiveCfg = Release|Any CPU
		{C567F93C-76A9-4A48-B83A-9F15294CB6E0}.Release|Any CPU.Build.0 = Release|Any CPU
		{C567F93C-76A9-4A48-B83A-9F15294CB6E0}.Release|Mixed Platforms.ActiveCfg = Release|Any CPU
		{C567F93C-76A9-4A48-B83A-9F15294CB6E0}.Release|Mixed Platforms.Build.0 = Release|Any CPU
		{C567F93C-76A9-4A48-B83A-9F15294CB6E0}.Release|x64.ActiveCfg = Release|Any CPU
		{C567F93C-76A9-4A48-B83A-9F15294CB6E0}.Release|x86.ActiveCfg = Release|Any CPU
		{C3117CEB-4D38-4DF4-AF47-E45FD3E78B95}.Debug|Any CPU.ActiveCfg = Debug|Any CPU
		{C3117CEB-4D38-4DF4-AF47-E45FD3E78B95}.Debug|Any CPU.Build.0 = Debug|Any CPU
		{C3117CEB-4D38-4DF4-AF47-E45FD3E78B95}.Debug|Mixed Platforms.ActiveCfg = Debug|Any CPU
		{C3117CEB-4D38-4DF4-AF47-E45FD3E78B95}.Debug|Mixed Platforms.Build.0 = Debug|Any CPU
		{C3117CEB-4D38-4DF4-AF47-E45FD3E78B95}.Debug|x64.ActiveCfg = Debug|Any CPU
		{C3117CEB-4D38-4DF4-AF47-E45FD3E78B95}.Debug|x86.ActiveCfg = Debug|Any CPU
		{C3117CEB-4D38-4DF4-AF47-E45FD3E78B95}.Release|Any CPU.ActiveCfg = Release|Any CPU
		{C3117CEB-4D38-4DF4-AF47-E45FD3E78B95}.Release|Any CPU.Build.0 = Release|Any CPU
		{C3117CEB-4D38-4DF4-AF47-E45FD3E78B95}.Release|Mixed Platforms.ActiveCfg = Release|Any CPU
		{C3117CEB-4D38-4DF4-AF47-E45FD3E78B95}.Release|Mixed Platforms.Build.0 = Release|Any CPU
		{C3117CEB-4D38-4DF4-AF47-E45FD3E78B95}.Release|x64.ActiveCfg = Release|Any CPU
		{C3117CEB-4D38-4DF4-AF47-E45FD3E78B95}.Release|x86.ActiveCfg = Release|Any CPU
		{DC206A87-F715-4A77-87C0-FC0BD00CED8B}.Debug|Any CPU.ActiveCfg = Debug|Any CPU
		{DC206A87-F715-4A77-87C0-FC0BD00CED8B}.Debug|Any CPU.Build.0 = Debug|Any CPU
		{DC206A87-F715-4A77-87C0-FC0BD00CED8B}.Debug|Mixed Platforms.ActiveCfg = Debug|Any CPU
		{DC206A87-F715-4A77-87C0-FC0BD00CED8B}.Debug|Mixed Platforms.Build.0 = Debug|Any CPU
		{DC206A87-F715-4A77-87C0-FC0BD00CED8B}.Debug|x64.ActiveCfg = Debug|Any CPU
		{DC206A87-F715-4A77-87C0-FC0BD00CED8B}.Debug|x86.ActiveCfg = Debug|Any CPU
		{DC206A87-F715-4A77-87C0-FC0BD00CED8B}.Release|Any CPU.ActiveCfg = Release|Any CPU
		{DC206A87-F715-4A77-87C0-FC0BD00CED8B}.Release|Any CPU.Build.0 = Release|Any CPU
		{DC206A87-F715-4A77-87C0-FC0BD00CED8B}.Release|Mixed Platforms.ActiveCfg = Release|Any CPU
		{DC206A87-F715-4A77-87C0-FC0BD00CED8B}.Release|Mixed Platforms.Build.0 = Release|Any CPU
		{DC206A87-F715-4A77-87C0-FC0BD00CED8B}.Release|x64.ActiveCfg = Release|Any CPU
		{DC206A87-F715-4A77-87C0-FC0BD00CED8B}.Release|x86.ActiveCfg = Release|Any CPU
		{390B4B3C-E60A-47B2-8C01-36DCD3989194}.Debug|Any CPU.ActiveCfg = Debug|Any CPU
		{390B4B3C-E60A-47B2-8C01-36DCD3989194}.Debug|Any CPU.Build.0 = Debug|Any CPU
		{390B4B3C-E60A-47B2-8C01-36DCD3989194}.Debug|Mixed Platforms.ActiveCfg = Debug|Any CPU
		{390B4B3C-E60A-47B2-8C01-36DCD3989194}.Debug|Mixed Platforms.Build.0 = Debug|Any CPU
		{390B4B3C-E60A-47B2-8C01-36DCD3989194}.Debug|x64.ActiveCfg = Debug|Any CPU
		{390B4B3C-E60A-47B2-8C01-36DCD3989194}.Debug|x64.Build.0 = Debug|Any CPU
		{390B4B3C-E60A-47B2-8C01-36DCD3989194}.Debug|x86.ActiveCfg = Debug|Any CPU
		{390B4B3C-E60A-47B2-8C01-36DCD3989194}.Debug|x86.Build.0 = Debug|Any CPU
		{390B4B3C-E60A-47B2-8C01-36DCD3989194}.Release|Any CPU.ActiveCfg = Release|Any CPU
		{390B4B3C-E60A-47B2-8C01-36DCD3989194}.Release|Any CPU.Build.0 = Release|Any CPU
		{390B4B3C-E60A-47B2-8C01-36DCD3989194}.Release|Mixed Platforms.ActiveCfg = Release|Any CPU
		{390B4B3C-E60A-47B2-8C01-36DCD3989194}.Release|Mixed Platforms.Build.0 = Release|Any CPU
		{390B4B3C-E60A-47B2-8C01-36DCD3989194}.Release|x64.ActiveCfg = Release|Any CPU
		{390B4B3C-E60A-47B2-8C01-36DCD3989194}.Release|x64.Build.0 = Release|Any CPU
		{390B4B3C-E60A-47B2-8C01-36DCD3989194}.Release|x86.ActiveCfg = Release|Any CPU
		{390B4B3C-E60A-47B2-8C01-36DCD3989194}.Release|x86.Build.0 = Release|Any CPU
		{2E279A36-D246-49C4-B051-8F3A74D6B1BD}.Debug|Any CPU.ActiveCfg = Debug|Any CPU
		{2E279A36-D246-49C4-B051-8F3A74D6B1BD}.Debug|Any CPU.Build.0 = Debug|Any CPU
		{2E279A36-D246-49C4-B051-8F3A74D6B1BD}.Debug|Mixed Platforms.ActiveCfg = Debug|Any CPU
		{2E279A36-D246-49C4-B051-8F3A74D6B1BD}.Debug|Mixed Platforms.Build.0 = Debug|Any CPU
		{2E279A36-D246-49C4-B051-8F3A74D6B1BD}.Debug|x64.ActiveCfg = Debug|Any CPU
		{2E279A36-D246-49C4-B051-8F3A74D6B1BD}.Debug|x86.ActiveCfg = Debug|Any CPU
		{2E279A36-D246-49C4-B051-8F3A74D6B1BD}.Release|Any CPU.ActiveCfg = Release|Any CPU
		{2E279A36-D246-49C4-B051-8F3A74D6B1BD}.Release|Any CPU.Build.0 = Release|Any CPU
		{2E279A36-D246-49C4-B051-8F3A74D6B1BD}.Release|Mixed Platforms.ActiveCfg = Release|Any CPU
		{2E279A36-D246-49C4-B051-8F3A74D6B1BD}.Release|Mixed Platforms.Build.0 = Release|Any CPU
		{2E279A36-D246-49C4-B051-8F3A74D6B1BD}.Release|x64.ActiveCfg = Release|Any CPU
		{2E279A36-D246-49C4-B051-8F3A74D6B1BD}.Release|x86.ActiveCfg = Release|Any CPU
	EndGlobalSection
	GlobalSection(SolutionProperties) = preSolution
		HideSolutionNode = FALSE
	EndGlobalSection
	GlobalSection(ExtensibilityGlobals) = postSolution
		SolutionGuid = {1F71388B-361B-4E15-B5F6-BCF867A100AA}
	EndGlobalSection
EndGlobal
